
Microsoft Visual Studio Solution File, Format Version 12.00
# Visual Studio 15
VisualStudioVersion = 15.0.33529.398
MinimumVisualStudioVersion = 10.0.40219.1
Project("{FAE04EC0-301F-11D3-BF4B-00C04F79EFBC}") = "MultiChatProgram", "MultiChatProgram\MultiChatProgram.csproj", "{EA29CD18-FF90-405E-8C52-37464E41C25D}"
EndProject
Project("{FAE04EC0-301F-11D3-BF4B-00C04F79EFBC}") = "MultiChatProgram2", "MultiChatProgram2\MultiChatProgram2.csproj", "{2E969B11-CD85-42B7-9FCA-8B6FB14B5972}"
EndProject
Project("{FAE04EC0-301F-11D3-BF4B-00C04F79EFBC}") = "MultiChatProgram3", "MultiChatProgram3\MultiChatProgram3.csproj", "{0B936EB7-6BDE-4A76-84AA-A3F304451894}"
EndProject
Global
	GlobalSection(SolutionConfigurationPlatforms) = preSolution
		Debug|Any CPU = Debug|Any CPU
		Release|Any CPU = Release|Any CPU
	EndGlobalSection
	GlobalSection(ProjectConfigurationPlatforms) = postSolution
		{EA29CD18-FF90-405E-8C52-37464E41C25D}.Debug|Any CPU.ActiveCfg = Debug|Any CPU
		{EA29CD18-FF90-405E-8C52-37464E41C25D}.Debug|Any CPU.Build.0 = Debug|Any CPU
		{EA29CD18-FF90-405E-8C52-37464E41C25D}.Release|Any CPU.ActiveCfg = Release|Any CPU
		{EA29CD18-FF90-405E-8C52-37464E41C25D}.Release|Any CPU.Build.0 = Release|Any CPU
		{2E969B11-CD85-42B7-9FCA-8B6FB14B5972}.Debug|Any CPU.ActiveCfg = Debug|Any CPU
		{2E969B11-CD85-42B7-9FCA-8B6FB14B5972}.Debug|Any CPU.Build.0 = Debug|Any CPU
		{2E969B11-CD85-42B7-9FCA-8B6FB14B5972}.Release|Any CPU.ActiveCfg = Release|Any CPU
		{2E969B11-CD85-42B7-9FCA-8B6FB14B5972}.Release|Any CPU.Build.0 = Release|Any CPU
		{0B936EB7-6BDE-4A76-84AA-A3F304451894}.Debug|Any CPU.ActiveCfg = Debug|Any CPU
		{0B936EB7-6BDE-4A76-84AA-A3F304451894}.Debug|Any CPU.Build.0 = Debug|Any CPU
		{0B936EB7-6BDE-4A76-84AA-A3F304451894}.Release|Any CPU.ActiveCfg = Release|Any CPU
		{0B936EB7-6BDE-4A76-84AA-A3F304451894}.Release|Any CPU.Build.0 = Release|Any CPU
	EndGlobalSection
	GlobalSection(SolutionProperties) = preSolution
		HideSolutionNode = FALSE
	EndGlobalSection
	GlobalSection(ExtensibilityGlobals) = postSolution
		SolutionGuid = {C5D0A135-42D0-4097-B0AA-A5A23A880EDE}
	EndGlobalSection
EndGlobal
